
Microsoft Visual Studio Solution File, Format Version 12.00
# Visual Studio Version 17
VisualStudioVersion = 17.11.35312.102
MinimumVisualStudioVersion = 10.0.40219.1
Project("{8BC9CEB8-8B4A-11D0-8D11-00A0C91BC942}") = "while loop, repeating N numbers", "while function, repeating N numbers.vcxproj", "{C8513BCB-8601-4E2D-ADA7-D02F48ABFA83}"
EndProject
Project("{8BC9CEB8-8B4A-11D0-8D11-00A0C91BC942}") = "for loop, N  number", "..\for loop, N  number\for loop, N  number.vcxproj", "{35121EF6-89FE-464F-AC1D-BD5E4D24822E}"
EndProject
Global
	GlobalSection(SolutionConfigurationPlatforms) = preSolution
		Debug|x64 = Debug|x64
		Debug|x86 = Debug|x86
		Release|x64 = Release|x64
		Release|x86 = Release|x86
	EndGlobalSection
	GlobalSection(ProjectConfigurationPlatforms) = postSolution
		{C8513BCB-8601-4E2D-ADA7-D02F48ABFA83}.Debug|x64.ActiveCfg = Debug|x64
		{C8513BCB-8601-4E2D-ADA7-D02F48ABFA83}.Debug|x64.Build.0 = Debug|x64
		{C8513BCB-8601-4E2D-ADA7-D02F48ABFA83}.Debug|x86.ActiveCfg = Debug|Win32
		{C8513BCB-8601-4E2D-ADA7-D02F48ABFA83}.Debug|x86.Build.0 = Debug|Win32
		{C8513BCB-8601-4E2D-ADA7-D02F48ABFA83}.Release|x64.ActiveCfg = Release|x64
		{C8513BCB-8601-4E2D-ADA7-D02F48ABFA83}.Release|x64.Build.0 = Release|x64
		{C8513BCB-8601-4E2D-ADA7-D02F48ABFA83}.Release|x86.ActiveCfg = Release|Win32
		{C8513BCB-8601-4E2D-ADA7-D02F48ABFA83}.Release|x86.Build.0 = Release|Win32
		{35121EF6-89FE-464F-AC1D-BD5E4D24822E}.Debug|x64.ActiveCfg = Debug|x64
		{35121EF6-89FE-464F-AC1D-BD5E4D24822E}.Debug|x64.Build.0 = Debug|x64
		{35121EF6-89FE-464F-AC1D-BD5E4D24822E}.Debug|x86.ActiveCfg = Debug|Win32
		{35121EF6-89FE-464F-AC1D-BD5E4D24822E}.Debug|x86.Build.0 = Debug|Win32
		{35121EF6-89FE-464F-AC1D-BD5E4D24822E}.Release|x64.ActiveCfg = Release|x64
		{35121EF6-89FE-464F-AC1D-BD5E4D24822E}.Release|x64.Build.0 = Release|x64
		{35121EF6-89FE-464F-AC1D-BD5E4D24822E}.Release|x86.ActiveCfg = Release|Win32
		{35121EF6-89FE-464F-AC1D-BD5E4D24822E}.Release|x86.Build.0 = Release|Win32
	EndGlobalSection
	GlobalSection(SolutionProperties) = preSolution
		HideSolutionNode = FALSE
	EndGlobalSection
	GlobalSection(ExtensibilityGlobals) = postSolution
		SolutionGuid = {3D642009-8794-4C7B-8A53-70314DCBBC40}
	EndGlobalSection
EndGlobal
